// !$*UTF8*$!
{
	archiveVersion = 1;
	classes = {
	};
	objectVersion = 56;
	objects = {

/* Begin PBXBuildFile section */
		7BC30A872B5E1CBD00979738 /* AppDelegate.swift in Sources */ = {isa = PBXBuildFile; fileRef = 7BC30A862B5E1CBD00979738 /* AppDelegate.swift */; };
		7BC30A892B5E1CBD00979738 /* SceneDelegate.swift in Sources */ = {isa = PBXBuildFile; fileRef = 7BC30A882B5E1CBD00979738 /* SceneDelegate.swift */; };
		7BC30A8B2B5E1CBD00979738 /* ViewController.swift in Sources */ = {isa = PBXBuildFile; fileRef = 7BC30A8A2B5E1CBD00979738 /* ViewController.swift */; };
		7BC30A8E2B5E1CBD00979738 /* Main.storyboard in Resources */ = {isa = PBXBuildFile; fileRef = 7BC30A8C2B5E1CBD00979738 /* Main.storyboard */; };
		7BC30A912B5E1CBD00979738 /* MyDo.xcdatamodeld in Sources */ = {isa = PBXBuildFile; fileRef = 7BC30A8F2B5E1CBD00979738 /* MyDo.xcdatamodeld */; };
		7BC30A932B5E1CBE00979738 /* Assets.xcassets in Resources */ = {isa = PBXBuildFile; fileRef = 7BC30A922B5E1CBE00979738 /* Assets.xcassets */; };
		7BC30A962B5E1CBE00979738 /* LaunchScreen.storyboard in Resources */ = {isa = PBXBuildFile; fileRef = 7BC30A942B5E1CBE00979738 /* LaunchScreen.storyboard */; };
		7BC30AA92B5E258E00979738 /* TodoData+CoreDataClass.swift in Sources */ = {isa = PBXBuildFile; fileRef = 7BC30AA52B5E258E00979738 /* TodoData+CoreDataClass.swift */; };
		7BC30AAA2B5E258E00979738 /* TodoData+CoreDataProperties.swift in Sources */ = {isa = PBXBuildFile; fileRef = 7BC30AA62B5E258E00979738 /* TodoData+CoreDataProperties.swift */; };
		7BC30AAB2B5E258E00979738 /* Project+CoreDataClass.swift in Sources */ = {isa = PBXBuildFile; fileRef = 7BC30AA72B5E258E00979738 /* Project+CoreDataClass.swift */; };
		7BC30AAC2B5E258E00979738 /* Project+CoreDataProperties.swift in Sources */ = {isa = PBXBuildFile; fileRef = 7BC30AA82B5E258E00979738 /* Project+CoreDataProperties.swift */; };
		7BC30AAF2B5E295900979738 /* TodoCell.swift in Sources */ = {isa = PBXBuildFile; fileRef = 7BC30AAE2B5E295900979738 /* TodoCell.swift */; };
		7BC30ABB2B608F7B00979738 /* FloatingButtonView.swift in Sources */ = {isa = PBXBuildFile; fileRef = 7BC30ABA2B608F7B00979738 /* FloatingButtonView.swift */; };
/* End PBXBuildFile section */

/* Begin PBXFileReference section */
		7BC30A832B5E1CBD00979738 /* MyDo.app */ = {isa = PBXFileReference; explicitFileType = wrapper.application; includeInIndex = 0; path = MyDo.app; sourceTree = BUILT_PRODUCTS_DIR; };
		7BC30A862B5E1CBD00979738 /* AppDelegate.swift */ = {isa = PBXFileReference; lastKnownFileType = sourcecode.swift; path = AppDelegate.swift; sourceTree = "<group>"; };
		7BC30A882B5E1CBD00979738 /* SceneDelegate.swift */ = {isa = PBXFileReference; lastKnownFileType = sourcecode.swift; path = SceneDelegate.swift; sourceTree = "<group>"; };
		7BC30A8A2B5E1CBD00979738 /* ViewController.swift */ = {isa = PBXFileReference; lastKnownFileType = sourcecode.swift; path = ViewController.swift; sourceTree = "<group>"; };
		7BC30A8D2B5E1CBD00979738 /* Base */ = {isa = PBXFileReference; lastKnownFileType = file.storyboard; name = Base; path = Base.lproj/Main.storyboard; sourceTree = "<group>"; };
		7BC30A902B5E1CBD00979738 /* MyDo.xcdatamodel */ = {isa = PBXFileReference; lastKnownFileType = wrapper.xcdatamodel; path = MyDo.xcdatamodel; sourceTree = "<group>"; };
		7BC30A922B5E1CBE00979738 /* Assets.xcassets */ = {isa = PBXFileReference; lastKnownFileType = folder.assetcatalog; path = Assets.xcassets; sourceTree = "<group>"; };
		7BC30A952B5E1CBE00979738 /* Base */ = {isa = PBXFileReference; lastKnownFileType = file.storyboard; name = Base; path = Base.lproj/LaunchScreen.storyboard; sourceTree = "<group>"; };
		7BC30A972B5E1CBE00979738 /* Info.plist */ = {isa = PBXFileReference; lastKnownFileType = text.plist.xml; path = Info.plist; sourceTree = "<group>"; };
		7BC30AA52B5E258E00979738 /* TodoData+CoreDataClass.swift */ = {isa = PBXFileReference; lastKnownFileType = sourcecode.swift; path = "TodoData+CoreDataClass.swift"; sourceTree = "<group>"; };
		7BC30AA62B5E258E00979738 /* TodoData+CoreDataProperties.swift */ = {isa = PBXFileReference; lastKnownFileType = sourcecode.swift; path = "TodoData+CoreDataProperties.swift"; sourceTree = "<group>"; };
		7BC30AA72B5E258E00979738 /* Project+CoreDataClass.swift */ = {isa = PBXFileReference; lastKnownFileType = sourcecode.swift; path = "Project+CoreDataClass.swift"; sourceTree = "<group>"; };
		7BC30AA82B5E258E00979738 /* Project+CoreDataProperties.swift */ = {isa = PBXFileReference; lastKnownFileType = sourcecode.swift; path = "Project+CoreDataProperties.swift"; sourceTree = "<group>"; };
		7BC30AAE2B5E295900979738 /* TodoCell.swift */ = {isa = PBXFileReference; lastKnownFileType = sourcecode.swift; path = TodoCell.swift; sourceTree = "<group>"; };
		7BC30ABA2B608F7B00979738 /* FloatingButtonView.swift */ = {isa = PBXFileReference; lastKnownFileType = sourcecode.swift; path = FloatingButtonView.swift; sourceTree = "<group>"; };
/* End PBXFileReference section */

/* Begin PBXFrameworksBuildPhase section */
		7BC30A802B5E1CBD00979738 /* Frameworks */ = {
			isa = PBXFrameworksBuildPhase;
			buildActionMask = 2147483647;
			files = (
			);
			runOnlyForDeploymentPostprocessing = 0;
		};
/* End PBXFrameworksBuildPhase section */

/* Begin PBXGroup section */
		7BC30A7A2B5E1CBD00979738 = {
			isa = PBXGroup;
			children = (
				7BC30A852B5E1CBD00979738 /* MyDo */,
				7BC30A842B5E1CBD00979738 /* Products */,
			);
			sourceTree = "<group>";
		};
		7BC30A842B5E1CBD00979738 /* Products */ = {
			isa = PBXGroup;
			children = (
				7BC30A832B5E1CBD00979738 /* MyDo.app */,
			);
			name = Products;
			sourceTree = "<group>";
		};
		7BC30A852B5E1CBD00979738 /* MyDo */ = {
			isa = PBXGroup;
			children = (
				7BC30A862B5E1CBD00979738 /* AppDelegate.swift */,
				7BC30A882B5E1CBD00979738 /* SceneDelegate.swift */,
				7BC30AB32B5FB29400979738 /* Controllers */,
				7BC30A8C2B5E1CBD00979738 /* Main.storyboard */,
				7BC30A922B5E1CBE00979738 /* Assets.xcassets */,
				7BC30A942B5E1CBE00979738 /* LaunchScreen.storyboard */,
				7BC30A972B5E1CBE00979738 /* Info.plist */,
				7BC30A8F2B5E1CBD00979738 /* MyDo.xcdatamodeld */,
				7BC30AB22B5FB26000979738 /* Views */,
				7BC30AAD2B5E27D600979738 /* Models */,
			);
			path = MyDo;
			sourceTree = "<group>";
		};
		7BC30AAD2B5E27D600979738 /* Models */ = {
			isa = PBXGroup;
			children = (
				7BC30AA52B5E258E00979738 /* TodoData+CoreDataClass.swift */,
				7BC30AA62B5E258E00979738 /* TodoData+CoreDataProperties.swift */,
				7BC30AA72B5E258E00979738 /* Project+CoreDataClass.swift */,
				7BC30AA82B5E258E00979738 /* Project+CoreDataProperties.swift */,
			);
			path = Models;
			sourceTree = "<group>";
		};
		7BC30AB22B5FB26000979738 /* Views */ = {
			isa = PBXGroup;
			children = (
				7BC30AAE2B5E295900979738 /* TodoCell.swift */,
				7BC30ABA2B608F7B00979738 /* FloatingButtonView.swift */,
			);
			path = Views;
			sourceTree = "<group>";
		};
		7BC30AB32B5FB29400979738 /* Controllers */ = {
			isa = PBXGroup;
			children = (
				7BC30A8A2B5E1CBD00979738 /* ViewController.swift */,
			);
			path = Controllers;
			sourceTree = "<group>";
		};
/* End PBXGroup section */

/* Begin PBXNativeTarget section */
		7BC30A822B5E1CBD00979738 /* MyDo */ = {
			isa = PBXNativeTarget;
			buildConfigurationList = 7BC30A9A2B5E1CBE00979738 /* Build configuration list for PBXNativeTarget "MyDo" */;
			buildPhases = (
				7BC30A7F2B5E1CBD00979738 /* Sources */,
				7BC30A802B5E1CBD00979738 /* Frameworks */,
				7BC30A812B5E1CBD00979738 /* Resources */,
			);
			buildRules = (
			);
			dependencies = (
			);
			name = MyDo;
			productName = MyDo;
			productReference = 7BC30A832B5E1CBD00979738 /* MyDo.app */;
			productType = "com.apple.product-type.application";
		};
/* End PBXNativeTarget section */

/* Begin PBXProject section */
		7BC30A7B2B5E1CBD00979738 /* Project object */ = {
			isa = PBXProject;
			attributes = {
				BuildIndependentTargetsInParallel = 1;
				LastSwiftUpdateCheck = 1510;
				LastUpgradeCheck = 1510;
				TargetAttributes = {
					7BC30A822B5E1CBD00979738 = {
						CreatedOnToolsVersion = 15.1;
					};
				};
			};
			buildConfigurationList = 7BC30A7E2B5E1CBD00979738 /* Build configuration list for PBXProject "MyDo" */;
			compatibilityVersion = "Xcode 14.0";
			developmentRegion = en;
			hasScannedForEncodings = 0;
			knownRegions = (
				en,
				Base,
			);
			mainGroup = 7BC30A7A2B5E1CBD00979738;
			productRefGroup = 7BC30A842B5E1CBD00979738 /* Products */;
			projectDirPath = "";
			projectRoot = "";
			targets = (
				7BC30A822B5E1CBD00979738 /* MyDo */,
			);
		};
/* End PBXProject section */

/* Begin PBXResourcesBuildPhase section */
		7BC30A812B5E1CBD00979738 /* Resources */ = {
			isa = PBXResourcesBuildPhase;
			buildActionMask = 2147483647;
			files = (
				7BC30A962B5E1CBE00979738 /* LaunchScreen.storyboard in Resources */,
				7BC30A932B5E1CBE00979738 /* Assets.xcassets in Resources */,
				7BC30A8E2B5E1CBD00979738 /* Main.storyboard in Resources */,
			);
			runOnlyForDeploymentPostprocessing = 0;
		};
/* End PBXResourcesBuildPhase section */

/* Begin PBXSourcesBuildPhase section */
		7BC30A7F2B5E1CBD00979738 /* Sources */ = {
			isa = PBXSourcesBuildPhase;
			buildActionMask = 2147483647;
			files = (
				7BC30A8B2B5E1CBD00979738 /* ViewController.swift in Sources */,
				7BC30A872B5E1CBD00979738 /* AppDelegate.swift in Sources */,
				7BC30AAC2B5E258E00979738 /* Project+CoreDataProperties.swift in Sources */,
				7BC30A912B5E1CBD00979738 /* MyDo.xcdatamodeld in Sources */,
				7BC30AAF2B5E295900979738 /* TodoCell.swift in Sources */,
				7BC30AAB2B5E258E00979738 /* Project+CoreDataClass.swift in Sources */,
				7BC30A892B5E1CBD00979738 /* SceneDelegate.swift in Sources */,
				7BC30ABB2B608F7B00979738 /* FloatingButtonView.swift in Sources */,
				7BC30AA92B5E258E00979738 /* TodoData+CoreDataClass.swift in Sources */,
				7BC30AAA2B5E258E00979738 /* TodoData+CoreDataProperties.swift in Sources */,
			);
			runOnlyForDeploymentPostprocessing = 0;
		};
/* End PBXSourcesBuildPhase section */

/* Begin PBXVariantGroup section */
		7BC30A8C2B5E1CBD00979738 /* Main.storyboard */ = {
			isa = PBXVariantGroup;
			children = (
				7BC30A8D2B5E1CBD00979738 /* Base */,
			);
			name = Main.storyboard;
			sourceTree = "<group>";
		};
		7BC30A942B5E1CBE00979738 /* LaunchScreen.storyboard */ = {
			isa = PBXVariantGroup;
			children = (
				7BC30A952B5E1CBE00979738 /* Base */,
			);
			name = LaunchScreen.storyboard;
			sourceTree = "<group>";
		};
/* End PBXVariantGroup section */

/* Begin XCBuildConfiguration section */
		7BC30A982B5E1CBE00979738 /* Debug */ = {
			isa = XCBuildConfiguration;
			buildSettings = {
				ALWAYS_SEARCH_USER_PATHS = NO;
				ASSETCATALOG_COMPILER_GENERATE_SWIFT_ASSET_SYMBOL_EXTENSIONS = YES;
				CLANG_ANALYZER_NONNULL = YES;
				CLANG_ANALYZER_NUMBER_OBJECT_CONVERSION = YES_AGGRESSIVE;
				CLANG_CXX_LANGUAGE_STANDARD = "gnu++20";
				CLANG_ENABLE_MODULES = YES;
				CLANG_ENABLE_OBJC_ARC = YES;
				CLANG_ENABLE_OBJC_WEAK = YES;
				CLANG_WARN_BLOCK_CAPTURE_AUTORELEASING = YES;
				CLANG_WARN_BOOL_CONVERSION = YES;
				CLANG_WARN_COMMA = YES;
				CLANG_WARN_CONSTANT_CONVERSION = YES;
				CLANG_WARN_DEPRECATED_OBJC_IMPLEMENTATIONS = YES;
				CLANG_WARN_DIRECT_OBJC_ISA_USAGE = YES_ERROR;
				CLANG_WARN_DOCUMENTATION_COMMENTS = YES;
				CLANG_WARN_EMPTY_BODY = YES;
				CLANG_WARN_ENUM_CONVERSION = YES;
				CLANG_WARN_INFINITE_RECURSION = YES;
				CLANG_WARN_INT_CONVERSION = YES;
				CLANG_WARN_NON_LITERAL_NULL_CONVERSION = YES;
				CLANG_WARN_OBJC_IMPLICIT_RETAIN_SELF = YES;
				CLANG_WARN_OBJC_LITERAL_CONVERSION = YES;
				CLANG_WARN_OBJC_ROOT_CLASS = YES_ERROR;
				CLANG_WARN_QUOTED_INCLUDE_IN_FRAMEWORK_HEADER = YES;
				CLANG_WARN_RANGE_LOOP_ANALYSIS = YES;
				CLANG_WARN_STRICT_PROTOTYPES = YES;
				CLANG_WARN_SUSPICIOUS_MOVE = YES;
				CLANG_WARN_UNGUARDED_AVAILABILITY = YES_AGGRESSIVE;
				CLANG_WARN_UNREACHABLE_CODE = YES;
				CLANG_WARN__DUPLICATE_METHOD_MATCH = YES;
				COPY_PHASE_STRIP = NO;
				DEBUG_INFORMATION_FORMAT = dwarf;
				ENABLE_STRICT_OBJC_MSGSEND = YES;
				ENABLE_TESTABILITY = YES;
				ENABLE_USER_SCRIPT_SANDBOXING = YES;
				GCC_C_LANGUAGE_STANDARD = gnu17;
				GCC_DYNAMIC_NO_PIC = NO;
				GCC_NO_COMMON_BLOCKS = YES;
				GCC_OPTIMIZATION_LEVEL = 0;
				GCC_PREPROCESSOR_DEFINITIONS = (
					"DEBUG=1",
					"$(inherited)",
				);
				GCC_WARN_64_TO_32_BIT_CONVERSION = YES;
				GCC_WARN_ABOUT_RETURN_TYPE = YES_ERROR;
				GCC_WARN_UNDECLARED_SELECTOR = YES;
				GCC_WARN_UNINITIALIZED_AUTOS = YES_AGGRESSIVE;
				GCC_WARN_UNUSED_FUNCTION = YES;
				GCC_WARN_UNUSED_VARIABLE = YES;
				IPHONEOS_DEPLOYMENT_TARGET = 17.2;
				LOCALIZATION_PREFERS_STRING_CATALOGS = YES;
				MTL_ENABLE_DEBUG_INFO = INCLUDE_SOURCE;
				MTL_FAST_MATH = YES;
				ONLY_ACTIVE_ARCH = YES;
				SDKROOT = iphoneos;
				SWIFT_ACTIVE_COMPILATION_CONDITIONS = "DEBUG $(inherited)";
				SWIFT_OPTIMIZATION_LEVEL = "-Onone";
			};
			name = Debug;
		};
		7BC30A992B5E1CBE00979738 /* Release */ = {
			isa = XCBuildConfiguration;
			buildSettings = {
				ALWAYS_SEARCH_USER_PATHS = NO;
				ASSETCATALOG_COMPILER_GENERATE_SWIFT_ASSET_SYMBOL_EXTENSIONS = YES;
				CLANG_ANALYZER_NONNULL = YES;
				CLANG_ANALYZER_NUMBER_OBJECT_CONVERSION = YES_AGGRESSIVE;
				CLANG_CXX_LANGUAGE_STANDARD = "gnu++20";
				CLANG_ENABLE_MODULES = YES;
				CLANG_ENABLE_OBJC_ARC = YES;
				CLANG_ENABLE_OBJC_WEAK = YES;
				CLANG_WARN_BLOCK_CAPTURE_AUTORELEASING = YES;
				CLANG_WARN_BOOL_CONVERSION = YES;
				CLANG_WARN_COMMA = YES;
				CLANG_WARN_CONSTANT_CONVERSION = YES;
				CLANG_WARN_DEPRECATED_OBJC_IMPLEMENTATIONS = YES;
				CLANG_WARN_DIRECT_OBJC_ISA_USAGE = YES_ERROR;
				CLANG_WARN_DOCUMENTATION_COMMENTS = YES;
				CLANG_WARN_EMPTY_BODY = YES;
				CLANG_WARN_ENUM_CONVERSION = YES;
				CLANG_WARN_INFINITE_RECURSION = YES;
				CLANG_WARN_INT_CONVERSION = YES;
				CLANG_WARN_NON_LITERAL_NULL_CONVERSION = YES;
				CLANG_WARN_OBJC_IMPLICIT_RETAIN_SELF = YES;
				CLANG_WARN_OBJC_LITERAL_CONVERSION = YES;
				CLANG_WARN_OBJC_ROOT_CLASS = YES_ERROR;
				CLANG_WARN_QUOTED_INCLUDE_IN_FRAMEWORK_HEADER = YES;
				CLANG_WARN_RANGE_LOOP_ANALYSIS = YES;
				CLANG_WARN_STRICT_PROTOTYPES = YES;
				CLANG_WARN_SUSPICIOUS_MOVE = YES;
				CLANG_WARN_UNGUARDED_AVAILABILITY = YES_AGGRESSIVE;
				CLANG_WARN_UNREACHABLE_CODE = YES;
				CLANG_WARN__DUPLICATE_METHOD_MATCH = YES;
				COPY_PHASE_STRIP = NO;
				DEBUG_INFORMATION_FORMAT = "dwarf-with-dsym";
				ENABLE_NS_ASSERTIONS = NO;
				ENABLE_STRICT_OBJC_MSGSEND = YES;
				ENABLE_USER_SCRIPT_SANDBOXING = YES;
				GCC_C_LANGUAGE_STANDARD = gnu17;
				GCC_NO_COMMON_BLOCKS = YES;
				GCC_WARN_64_TO_32_BIT_CONVERSION = YES;
				GCC_WARN_ABOUT_RETURN_TYPE = YES_ERROR;
				GCC_WARN_UNDECLARED_SELECTOR = YES;
				GCC_WARN_UNINITIALIZED_AUTOS = YES_AGGRESSIVE;
				GCC_WARN_UNUSED_FUNCTION = YES;
				GCC_WARN_UNUSED_VARIABLE = YES;
				IPHONEOS_DEPLOYMENT_TARGET = 17.2;
				LOCALIZATION_PREFERS_STRING_CATALOGS = YES;
				MTL_ENABLE_DEBUG_INFO = NO;
				MTL_FAST_MATH = YES;
				SDKROOT = iphoneos;
				SWIFT_COMPILATION_MODE = wholemodule;
				VALIDATE_PRODUCT = YES;
			};
			name = Release;
		};
		7BC30A9B2B5E1CBE00979738 /* Debug */ = {
			isa = XCBuildConfiguration;
			buildSettings = {
				ASSETCATALOG_COMPILER_APPICON_NAME = AppIcon;
				ASSETCATALOG_COMPILER_GLOBAL_ACCENT_COLOR_NAME = AccentColor;
				CODE_SIGN_STYLE = Automatic;
				CURRENT_PROJECT_VERSION = 1;
				DEVELOPMENT_TEAM = JRDC32KNLZ;
				GENERATE_INFOPLIST_FILE = YES;
				INFOPLIST_FILE = MyDo/Info.plist;
				INFOPLIST_KEY_UIApplicationSupportsIndirectInputEvents = YES;
				INFOPLIST_KEY_UILaunchStoryboardName = LaunchScreen;
				INFOPLIST_KEY_UIMainStoryboardFile = Main;
				INFOPLIST_KEY_UISupportedInterfaceOrientations_iPad = "UIInterfaceOrientationPortrait UIInterfaceOrientationPortraitUpsideDown UIInterfaceOrientationLandscapeLeft UIInterfaceOrientationLandscapeRight";
				INFOPLIST_KEY_UISupportedInterfaceOrientations_iPhone = "UIInterfaceOrientationPortrait UIInterfaceOrientationLandscapeLeft UIInterfaceOrientationLandscapeRight";
				LD_RUNPATH_SEARCH_PATHS = (
					"$(inherited)",
					"@executable_path/Frameworks",
				);
				MARKETING_VERSION = 1.0;
				PRODUCT_BUNDLE_IDENTIFIER = com.brunidev.MyDo;
				PRODUCT_NAME = "$(TARGET_NAME)";
				SWIFT_EMIT_LOC_STRINGS = YES;
				SWIFT_VERSION = 5.0;
				TARGETED_DEVICE_FAMILY = "1,2";
			};
			name = Debug;
		};
		7BC30A9C2B5E1CBE00979738 /* Release */ = {
			isa = XCBuildConfiguration;
			buildSettings = {
				ASSETCATALOG_COMPILER_APPICON_NAME = AppIcon;
				ASSETCATALOG_COMPILER_GLOBAL_ACCENT_COLOR_NAME = AccentColor;
				CODE_SIGN_STYLE = Automatic;
				CURRENT_PROJECT_VERSION = 1;
				DEVELOPMENT_TEAM = JRDC32KNLZ;
				GENERATE_INFOPLIST_FILE = YES;
				INFOPLIST_FILE = MyDo/Info.plist;
				INFOPLIST_KEY_UIApplicationSupportsIndirectInputEvents = YES;
				INFOPLIST_KEY_UILaunchStoryboardName = LaunchScreen;
				INFOPLIST_KEY_UIMainStoryboardFile = Main;
				INFOPLIST_KEY_UISupportedInterfaceOrientations_iPad = "UIInterfaceOrientationPortrait UIInterfaceOrientationPortraitUpsideDown UIInterfaceOrientationLandscapeLeft UIInterfaceOrientationLandscapeRight";
				INFOPLIST_KEY_UISupportedInterfaceOrientations_iPhone = "UIInterfaceOrientationPortrait UIInterfaceOrientationLandscapeLeft UIInterfaceOrientationLandscapeRight";
				LD_RUNPATH_SEARCH_PATHS = (
					"$(inherited)",
					"@executable_path/Frameworks",
				);
				MARKETING_VERSION = 1.0;
				PRODUCT_BUNDLE_IDENTIFIER = com.brunidev.MyDo;
				PRODUCT_NAME = "$(TARGET_NAME)";
				SWIFT_EMIT_LOC_STRINGS = YES;
				SWIFT_VERSION = 5.0;
				TARGETED_DEVICE_FAMILY = "1,2";
			};
			name = Release;
		};
/* End XCBuildConfiguration section */

/* Begin XCConfigurationList section */
		7BC30A7E2B5E1CBD00979738 /* Build configuration list for PBXProject "MyDo" */ = {
			isa = XCConfigurationList;
			buildConfigurations = (
				7BC30A982B5E1CBE00979738 /* Debug */,
				7BC30A992B5E1CBE00979738 /* Release */,
			);
			defaultConfigurationIsVisible = 0;
			defaultConfigurationName = Release;
		};
		7BC30A9A2B5E1CBE00979738 /* Build configuration list for PBXNativeTarget "MyDo" */ = {
			isa = XCConfigurationList;
			buildConfigurations = (
				7BC30A9B2B5E1CBE00979738 /* Debug */,
				7BC30A9C2B5E1CBE00979738 /* Release */,
			);
			defaultConfigurationIsVisible = 0;
			defaultConfigurationName = Release;
		};
/* End XCConfigurationList section */

/* Begin XCVersionGroup section */
		7BC30A8F2B5E1CBD00979738 /* MyDo.xcdatamodeld */ = {
			isa = XCVersionGroup;
			children = (
				7BC30A902B5E1CBD00979738 /* MyDo.xcdatamodel */,
			);
			currentVersion = 7BC30A902B5E1CBD00979738 /* MyDo.xcdatamodel */;
			path = MyDo.xcdatamodeld;
			sourceTree = "<group>";
			versionGroupType = wrapper.xcdatamodel;
		};
/* End XCVersionGroup section */
	};
	rootObject = 7BC30A7B2B5E1CBD00979738 /* Project object */;
}
