// !$*UTF8*$!
{
	archiveVersion = 1;
	classes = {
	};
	objectVersion = 56;
	objects = {

/* Begin PBXBuildFile section */
		7B9561B32B3CF3360019B04F /* MyDoApp.swift in Sources */ = {isa = PBXBuildFile; fileRef = 7B9561B22B3CF3360019B04F /* MyDoApp.swift */; };
		7B9561B52B3CF3360019B04F /* ContentView.swift in Sources */ = {isa = PBXBuildFile; fileRef = 7B9561B42B3CF3360019B04F /* ContentView.swift */; };
		7B9561B72B3CF3370019B04F /* Assets.xcassets in Resources */ = {isa = PBXBuildFile; fileRef = 7B9561B62B3CF3370019B04F /* Assets.xcassets */; };
		7B9561BA2B3CF3370019B04F /* Preview Assets.xcassets in Resources */ = {isa = PBXBuildFile; fileRef = 7B9561B92B3CF3370019B04F /* Preview Assets.xcassets */; };
		7B9561BC2B3CF3370019B04F /* Persistence.swift in Sources */ = {isa = PBXBuildFile; fileRef = 7B9561BB2B3CF3370019B04F /* Persistence.swift */; };
		7B9561BF2B3CF3370019B04F /* MyDo.xcdatamodeld in Sources */ = {isa = PBXBuildFile; fileRef = 7B9561BD2B3CF3370019B04F /* MyDo.xcdatamodeld */; };
		7B9561C62B3CF4180019B04F /* TodayView.swift in Sources */ = {isa = PBXBuildFile; fileRef = 7B9561C52B3CF4180019B04F /* TodayView.swift */; };
		7B9561C92B3CF5D80019B04F /* GetCurrentDateTime.swift in Sources */ = {isa = PBXBuildFile; fileRef = 7B9561C82B3CF5D80019B04F /* GetCurrentDateTime.swift */; };
/* End PBXBuildFile section */

/* Begin PBXFileReference section */
		7B9561AF2B3CF3360019B04F /* MyDo.app */ = {isa = PBXFileReference; explicitFileType = wrapper.application; includeInIndex = 0; path = MyDo.app; sourceTree = BUILT_PRODUCTS_DIR; };
		7B9561B22B3CF3360019B04F /* MyDoApp.swift */ = {isa = PBXFileReference; lastKnownFileType = sourcecode.swift; path = MyDoApp.swift; sourceTree = "<group>"; };
		7B9561B42B3CF3360019B04F /* ContentView.swift */ = {isa = PBXFileReference; lastKnownFileType = sourcecode.swift; path = ContentView.swift; sourceTree = "<group>"; };
		7B9561B62B3CF3370019B04F /* Assets.xcassets */ = {isa = PBXFileReference; lastKnownFileType = folder.assetcatalog; path = Assets.xcassets; sourceTree = "<group>"; };
		7B9561B92B3CF3370019B04F /* Preview Assets.xcassets */ = {isa = PBXFileReference; lastKnownFileType = folder.assetcatalog; path = "Preview Assets.xcassets"; sourceTree = "<group>"; };
		7B9561BB2B3CF3370019B04F /* Persistence.swift */ = {isa = PBXFileReference; lastKnownFileType = sourcecode.swift; path = Persistence.swift; sourceTree = "<group>"; };
		7B9561BE2B3CF3370019B04F /* MyDo.xcdatamodel */ = {isa = PBXFileReference; lastKnownFileType = wrapper.xcdatamodel; path = MyDo.xcdatamodel; sourceTree = "<group>"; };
		7B9561C52B3CF4180019B04F /* TodayView.swift */ = {isa = PBXFileReference; lastKnownFileType = sourcecode.swift; path = TodayView.swift; sourceTree = "<group>"; };
		7B9561C82B3CF5D80019B04F /* GetCurrentDateTime.swift */ = {isa = PBXFileReference; lastKnownFileType = sourcecode.swift; path = GetCurrentDateTime.swift; sourceTree = "<group>"; };
/* End PBXFileReference section */

/* Begin PBXFrameworksBuildPhase section */
		7B9561AC2B3CF3360019B04F /* Frameworks */ = {
			isa = PBXFrameworksBuildPhase;
			buildActionMask = 2147483647;
			files = (
			);
			runOnlyForDeploymentPostprocessing = 0;
		};
/* End PBXFrameworksBuildPhase section */

/* Begin PBXGroup section */
		7B9561A62B3CF3360019B04F = {
			isa = PBXGroup;
			children = (
				7B9561B12B3CF3360019B04F /* MyDo */,
				7B9561B02B3CF3360019B04F /* Products */,
			);
			sourceTree = "<group>";
		};
		7B9561B02B3CF3360019B04F /* Products */ = {
			isa = PBXGroup;
			children = (
				7B9561AF2B3CF3360019B04F /* MyDo.app */,
			);
			name = Products;
			sourceTree = "<group>";
		};
		7B9561B12B3CF3360019B04F /* MyDo */ = {
			isa = PBXGroup;
			children = (
				7B9561C72B3CF5C50019B04F /* Date */,
				7B9561B22B3CF3360019B04F /* MyDoApp.swift */,
				7B9561B42B3CF3360019B04F /* ContentView.swift */,
				7B9561B62B3CF3370019B04F /* Assets.xcassets */,
				7B9561BB2B3CF3370019B04F /* Persistence.swift */,
				7B9561BD2B3CF3370019B04F /* MyDo.xcdatamodeld */,
				7B9561B82B3CF3370019B04F /* Preview Content */,
				7B9561C52B3CF4180019B04F /* TodayView.swift */,
			);
			path = MyDo;
			sourceTree = "<group>";
		};
		7B9561B82B3CF3370019B04F /* Preview Content */ = {
			isa = PBXGroup;
			children = (
				7B9561B92B3CF3370019B04F /* Preview Assets.xcassets */,
			);
			path = "Preview Content";
			sourceTree = "<group>";
		};
		7B9561C72B3CF5C50019B04F /* Date */ = {
			isa = PBXGroup;
			children = (
				7B9561C82B3CF5D80019B04F /* GetCurrentDateTime.swift */,
			);
			path = Date;
			sourceTree = "<group>";
		};
/* End PBXGroup section */

/* Begin PBXNativeTarget section */
		7B9561AE2B3CF3360019B04F /* MyDo */ = {
			isa = PBXNativeTarget;
			buildConfigurationList = 7B9561C22B3CF3370019B04F /* Build configuration list for PBXNativeTarget "MyDo" */;
			buildPhases = (
				7B9561AB2B3CF3360019B04F /* Sources */,
				7B9561AC2B3CF3360019B04F /* Frameworks */,
				7B9561AD2B3CF3360019B04F /* Resources */,
			);
			buildRules = (
			);
			dependencies = (
			);
			name = MyDo;
			productName = MyDo;
			productReference = 7B9561AF2B3CF3360019B04F /* MyDo.app */;
			productType = "com.apple.product-type.application";
		};
/* End PBXNativeTarget section */

/* Begin PBXProject section */
		7B9561A72B3CF3360019B04F /* Project object */ = {
			isa = PBXProject;
			attributes = {
				BuildIndependentTargetsInParallel = 1;
				LastSwiftUpdateCheck = 1500;
				LastUpgradeCheck = 1500;
				TargetAttributes = {
					7B9561AE2B3CF3360019B04F = {
						CreatedOnToolsVersion = 15.0;
					};
				};
			};
			buildConfigurationList = 7B9561AA2B3CF3360019B04F /* Build configuration list for PBXProject "MyDo" */;
			compatibilityVersion = "Xcode 14.0";
			developmentRegion = en;
			hasScannedForEncodings = 0;
			knownRegions = (
				en,
				Base,
			);
			mainGroup = 7B9561A62B3CF3360019B04F;
			productRefGroup = 7B9561B02B3CF3360019B04F /* Products */;
			projectDirPath = "";
			projectRoot = "";
			targets = (
				7B9561AE2B3CF3360019B04F /* MyDo */,
			);
		};
/* End PBXProject section */

/* Begin PBXResourcesBuildPhase section */
		7B9561AD2B3CF3360019B04F /* Resources */ = {
			isa = PBXResourcesBuildPhase;
			buildActionMask = 2147483647;
			files = (
				7B9561BA2B3CF3370019B04F /* Preview Assets.xcassets in Resources */,
				7B9561B72B3CF3370019B04F /* Assets.xcassets in Resources */,
			);
			runOnlyForDeploymentPostprocessing = 0;
		};
/* End PBXResourcesBuildPhase section */

/* Begin PBXSourcesBuildPhase section */
		7B9561AB2B3CF3360019B04F /* Sources */ = {
			isa = PBXSourcesBuildPhase;
			buildActionMask = 2147483647;
			files = (
				7B9561C92B3CF5D80019B04F /* GetCurrentDateTime.swift in Sources */,
				7B9561BC2B3CF3370019B04F /* Persistence.swift in Sources */,
				7B9561B52B3CF3360019B04F /* ContentView.swift in Sources */,
				7B9561BF2B3CF3370019B04F /* MyDo.xcdatamodeld in Sources */,
				7B9561C62B3CF4180019B04F /* TodayView.swift in Sources */,
				7B9561B32B3CF3360019B04F /* MyDoApp.swift in Sources */,
			);
			runOnlyForDeploymentPostprocessing = 0;
		};
/* End PBXSourcesBuildPhase section */

/* Begin XCBuildConfiguration section */
		7B9561C02B3CF3370019B04F /* Debug */ = {
			isa = XCBuildConfiguration;
			buildSettings = {
				ALWAYS_SEARCH_USER_PATHS = NO;
				ASSETCATALOG_COMPILER_GENERATE_SWIFT_ASSET_SYMBOL_EXTENSIONS = YES;
				CLANG_ANALYZER_NONNULL = YES;
				CLANG_ANALYZER_NUMBER_OBJECT_CONVERSION = YES_AGGRESSIVE;
				CLANG_CXX_LANGUAGE_STANDARD = "gnu++20";
				CLANG_ENABLE_MODULES = YES;
				CLANG_ENABLE_OBJC_ARC = YES;
				CLANG_ENABLE_OBJC_WEAK = YES;
				CLANG_WARN_BLOCK_CAPTURE_AUTORELEASING = YES;
				CLANG_WARN_BOOL_CONVERSION = YES;
				CLANG_WARN_COMMA = YES;
				CLANG_WARN_CONSTANT_CONVERSION = YES;
				CLANG_WARN_DEPRECATED_OBJC_IMPLEMENTATIONS = YES;
				CLANG_WARN_DIRECT_OBJC_ISA_USAGE = YES_ERROR;
				CLANG_WARN_DOCUMENTATION_COMMENTS = YES;
				CLANG_WARN_EMPTY_BODY = YES;
				CLANG_WARN_ENUM_CONVERSION = YES;
				CLANG_WARN_INFINITE_RECURSION = YES;
				CLANG_WARN_INT_CONVERSION = YES;
				CLANG_WARN_NON_LITERAL_NULL_CONVERSION = YES;
				CLANG_WARN_OBJC_IMPLICIT_RETAIN_SELF = YES;
				CLANG_WARN_OBJC_LITERAL_CONVERSION = YES;
				CLANG_WARN_OBJC_ROOT_CLASS = YES_ERROR;
				CLANG_WARN_QUOTED_INCLUDE_IN_FRAMEWORK_HEADER = YES;
				CLANG_WARN_RANGE_LOOP_ANALYSIS = YES;
				CLANG_WARN_STRICT_PROTOTYPES = YES;
				CLANG_WARN_SUSPICIOUS_MOVE = YES;
				CLANG_WARN_UNGUARDED_AVAILABILITY = YES_AGGRESSIVE;
				CLANG_WARN_UNREACHABLE_CODE = YES;
				CLANG_WARN__DUPLICATE_METHOD_MATCH = YES;
				COPY_PHASE_STRIP = NO;
				DEBUG_INFORMATION_FORMAT = dwarf;
				ENABLE_STRICT_OBJC_MSGSEND = YES;
				ENABLE_TESTABILITY = YES;
				ENABLE_USER_SCRIPT_SANDBOXING = YES;
				GCC_C_LANGUAGE_STANDARD = gnu17;
				GCC_DYNAMIC_NO_PIC = NO;
				GCC_NO_COMMON_BLOCKS = YES;
				GCC_OPTIMIZATION_LEVEL = 0;
				GCC_PREPROCESSOR_DEFINITIONS = (
					"DEBUG=1",
					"$(inherited)",
				);
				GCC_WARN_64_TO_32_BIT_CONVERSION = YES;
				GCC_WARN_ABOUT_RETURN_TYPE = YES_ERROR;
				GCC_WARN_UNDECLARED_SELECTOR = YES;
				GCC_WARN_UNINITIALIZED_AUTOS = YES_AGGRESSIVE;
				GCC_WARN_UNUSED_FUNCTION = YES;
				GCC_WARN_UNUSED_VARIABLE = YES;
				IPHONEOS_DEPLOYMENT_TARGET = 17.0;
				LOCALIZATION_PREFERS_STRING_CATALOGS = YES;
				MTL_ENABLE_DEBUG_INFO = INCLUDE_SOURCE;
				MTL_FAST_MATH = YES;
				ONLY_ACTIVE_ARCH = YES;
				SDKROOT = iphoneos;
				SWIFT_ACTIVE_COMPILATION_CONDITIONS = "DEBUG $(inherited)";
				SWIFT_OPTIMIZATION_LEVEL = "-Onone";
			};
			name = Debug;
		};
		7B9561C12B3CF3370019B04F /* Release */ = {
			isa = XCBuildConfiguration;
			buildSettings = {
				ALWAYS_SEARCH_USER_PATHS = NO;
				ASSETCATALOG_COMPILER_GENERATE_SWIFT_ASSET_SYMBOL_EXTENSIONS = YES;
				CLANG_ANALYZER_NONNULL = YES;
				CLANG_ANALYZER_NUMBER_OBJECT_CONVERSION = YES_AGGRESSIVE;
				CLANG_CXX_LANGUAGE_STANDARD = "gnu++20";
				CLANG_ENABLE_MODULES = YES;
				CLANG_ENABLE_OBJC_ARC = YES;
				CLANG_ENABLE_OBJC_WEAK = YES;
				CLANG_WARN_BLOCK_CAPTURE_AUTORELEASING = YES;
				CLANG_WARN_BOOL_CONVERSION = YES;
				CLANG_WARN_COMMA = YES;
				CLANG_WARN_CONSTANT_CONVERSION = YES;
				CLANG_WARN_DEPRECATED_OBJC_IMPLEMENTATIONS = YES;
				CLANG_WARN_DIRECT_OBJC_ISA_USAGE = YES_ERROR;
				CLANG_WARN_DOCUMENTATION_COMMENTS = YES;
				CLANG_WARN_EMPTY_BODY = YES;
				CLANG_WARN_ENUM_CONVERSION = YES;
				CLANG_WARN_INFINITE_RECURSION = YES;
				CLANG_WARN_INT_CONVERSION = YES;
				CLANG_WARN_NON_LITERAL_NULL_CONVERSION = YES;
				CLANG_WARN_OBJC_IMPLICIT_RETAIN_SELF = YES;
				CLANG_WARN_OBJC_LITERAL_CONVERSION = YES;
				CLANG_WARN_OBJC_ROOT_CLASS = YES_ERROR;
				CLANG_WARN_QUOTED_INCLUDE_IN_FRAMEWORK_HEADER = YES;
				CLANG_WARN_RANGE_LOOP_ANALYSIS = YES;
				CLANG_WARN_STRICT_PROTOTYPES = YES;
				CLANG_WARN_SUSPICIOUS_MOVE = YES;
				CLANG_WARN_UNGUARDED_AVAILABILITY = YES_AGGRESSIVE;
				CLANG_WARN_UNREACHABLE_CODE = YES;
				CLANG_WARN__DUPLICATE_METHOD_MATCH = YES;
				COPY_PHASE_STRIP = NO;
				DEBUG_INFORMATION_FORMAT = "dwarf-with-dsym";
				ENABLE_NS_ASSERTIONS = NO;
				ENABLE_STRICT_OBJC_MSGSEND = YES;
				ENABLE_USER_SCRIPT_SANDBOXING = YES;
				GCC_C_LANGUAGE_STANDARD = gnu17;
				GCC_NO_COMMON_BLOCKS = YES;
				GCC_WARN_64_TO_32_BIT_CONVERSION = YES;
				GCC_WARN_ABOUT_RETURN_TYPE = YES_ERROR;
				GCC_WARN_UNDECLARED_SELECTOR = YES;
				GCC_WARN_UNINITIALIZED_AUTOS = YES_AGGRESSIVE;
				GCC_WARN_UNUSED_FUNCTION = YES;
				GCC_WARN_UNUSED_VARIABLE = YES;
				IPHONEOS_DEPLOYMENT_TARGET = 17.0;
				LOCALIZATION_PREFERS_STRING_CATALOGS = YES;
				MTL_ENABLE_DEBUG_INFO = NO;
				MTL_FAST_MATH = YES;
				SDKROOT = iphoneos;
				SWIFT_COMPILATION_MODE = wholemodule;
				VALIDATE_PRODUCT = YES;
			};
			name = Release;
		};
		7B9561C32B3CF3370019B04F /* Debug */ = {
			isa = XCBuildConfiguration;
			buildSettings = {
				ASSETCATALOG_COMPILER_APPICON_NAME = AppIcon;
				ASSETCATALOG_COMPILER_GLOBAL_ACCENT_COLOR_NAME = AccentColor;
				CODE_SIGN_STYLE = Automatic;
				CURRENT_PROJECT_VERSION = 1;
				DEVELOPMENT_ASSET_PATHS = "\"MyDo/Preview Content\"";
				DEVELOPMENT_TEAM = JRDC32KNLZ;
				ENABLE_PREVIEWS = YES;
				GENERATE_INFOPLIST_FILE = YES;
				INFOPLIST_KEY_UIApplicationSceneManifest_Generation = YES;
				INFOPLIST_KEY_UIApplicationSupportsIndirectInputEvents = YES;
				INFOPLIST_KEY_UILaunchScreen_Generation = YES;
				INFOPLIST_KEY_UISupportedInterfaceOrientations_iPad = "UIInterfaceOrientationPortrait UIInterfaceOrientationPortraitUpsideDown UIInterfaceOrientationLandscapeLeft UIInterfaceOrientationLandscapeRight";
				INFOPLIST_KEY_UISupportedInterfaceOrientations_iPhone = "UIInterfaceOrientationPortrait UIInterfaceOrientationLandscapeLeft UIInterfaceOrientationLandscapeRight";
				LD_RUNPATH_SEARCH_PATHS = (
					"$(inherited)",
					"@executable_path/Frameworks",
				);
				MARKETING_VERSION = 1.0;
				PRODUCT_BUNDLE_IDENTIFIER = com.brunidev.MyDo;
				PRODUCT_NAME = "$(TARGET_NAME)";
				SWIFT_EMIT_LOC_STRINGS = YES;
				SWIFT_VERSION = 5.0;
				TARGETED_DEVICE_FAMILY = "1,2";
			};
			name = Debug;
		};
		7B9561C42B3CF3370019B04F /* Release */ = {
			isa = XCBuildConfiguration;
			buildSettings = {
				ASSETCATALOG_COMPILER_APPICON_NAME = AppIcon;
				ASSETCATALOG_COMPILER_GLOBAL_ACCENT_COLOR_NAME = AccentColor;
				CODE_SIGN_STYLE = Automatic;
				CURRENT_PROJECT_VERSION = 1;
				DEVELOPMENT_ASSET_PATHS = "\"MyDo/Preview Content\"";
				DEVELOPMENT_TEAM = JRDC32KNLZ;
				ENABLE_PREVIEWS = YES;
				GENERATE_INFOPLIST_FILE = YES;
				INFOPLIST_KEY_UIApplicationSceneManifest_Generation = YES;
				INFOPLIST_KEY_UIApplicationSupportsIndirectInputEvents = YES;
				INFOPLIST_KEY_UILaunchScreen_Generation = YES;
				INFOPLIST_KEY_UISupportedInterfaceOrientations_iPad = "UIInterfaceOrientationPortrait UIInterfaceOrientationPortraitUpsideDown UIInterfaceOrientationLandscapeLeft UIInterfaceOrientationLandscapeRight";
				INFOPLIST_KEY_UISupportedInterfaceOrientations_iPhone = "UIInterfaceOrientationPortrait UIInterfaceOrientationLandscapeLeft UIInterfaceOrientationLandscapeRight";
				LD_RUNPATH_SEARCH_PATHS = (
					"$(inherited)",
					"@executable_path/Frameworks",
				);
				MARKETING_VERSION = 1.0;
				PRODUCT_BUNDLE_IDENTIFIER = com.brunidev.MyDo;
				PRODUCT_NAME = "$(TARGET_NAME)";
				SWIFT_EMIT_LOC_STRINGS = YES;
				SWIFT_VERSION = 5.0;
				TARGETED_DEVICE_FAMILY = "1,2";
			};
			name = Release;
		};
/* End XCBuildConfiguration section */

/* Begin XCConfigurationList section */
		7B9561AA2B3CF3360019B04F /* Build configuration list for PBXProject "MyDo" */ = {
			isa = XCConfigurationList;
			buildConfigurations = (
				7B9561C02B3CF3370019B04F /* Debug */,
				7B9561C12B3CF3370019B04F /* Release */,
			);
			defaultConfigurationIsVisible = 0;
			defaultConfigurationName = Release;
		};
		7B9561C22B3CF3370019B04F /* Build configuration list for PBXNativeTarget "MyDo" */ = {
			isa = XCConfigurationList;
			buildConfigurations = (
				7B9561C32B3CF3370019B04F /* Debug */,
				7B9561C42B3CF3370019B04F /* Release */,
			);
			defaultConfigurationIsVisible = 0;
			defaultConfigurationName = Release;
		};
/* End XCConfigurationList section */

/* Begin XCVersionGroup section */
		7B9561BD2B3CF3370019B04F /* MyDo.xcdatamodeld */ = {
			isa = XCVersionGroup;
			children = (
				7B9561BE2B3CF3370019B04F /* MyDo.xcdatamodel */,
			);
			currentVersion = 7B9561BE2B3CF3370019B04F /* MyDo.xcdatamodel */;
			path = MyDo.xcdatamodeld;
			sourceTree = "<group>";
			versionGroupType = wrapper.xcdatamodel;
		};
/* End XCVersionGroup section */
	};
	rootObject = 7B9561A72B3CF3360019B04F /* Project object */;
}
